
Microsoft Visual Studio Solution File, Format Version 12.00
# Blend for Visual Studio 15
VisualStudioVersion = 15.0.28010.2046
MinimumVisualStudioVersion = 10.0.40219.1
Project("{FAE04EC0-301F-11D3-BF4B-00C04F79EFBC}") = "CAPMission.Android", "CAP Mission\CAP Mission.Android\CAPMission.Android.csproj", "{ED9CA03C-FF2A-4775-9EF2-09719FAF79F2}"
EndProject
Project("{FAE04EC0-301F-11D3-BF4B-00C04F79EFBC}") = "CAPMission.iOS", "CAP Mission\CAP Mission.iOS\CAPMission.iOS.csproj", "{6893047B-FF54-4953-A2DE-C64AC2B1D54B}"
EndProject
Project("{FAE04EC0-301F-11D3-BF4B-00C04F79EFBC}") = "CAPMission.UWP", "CAP Mission\CAP Mission.UWP\CAPMission.UWP.csproj", "{3EF0A078-BB00-4C54-A6C8-C0064DFB529B}"
EndProject
Project("{9A19103F-16F7-4668-BE54-9A1E7A4F7556}") = "CAPMission", "CAP Mission\CAP Mission\CAPMission.csproj", "{F31F4939-9F68-4C6B-B361-475A2E0356F7}"
EndProject
Project("{9A19103F-16F7-4668-BE54-9A1E7A4F7556}") = "CAPMission.Library", "CAPMission.Library\CAPMission.Library.csproj", "{F87BAC0D-61C4-447C-A5EA-639833566DB4}"
EndProject
Global
	GlobalSection(SolutionConfigurationPlatforms) = preSolution
		Ad-Hoc|Any CPU = Ad-Hoc|Any CPU
		Ad-Hoc|ARM = Ad-Hoc|ARM
		Ad-Hoc|iPhone = Ad-Hoc|iPhone
		Ad-Hoc|iPhoneSimulator = Ad-Hoc|iPhoneSimulator
		Ad-Hoc|x64 = Ad-Hoc|x64
		Ad-Hoc|x86 = Ad-Hoc|x86
		AppStore|Any CPU = AppStore|Any CPU
		AppStore|ARM = AppStore|ARM
		AppStore|iPhone = AppStore|iPhone
		AppStore|iPhoneSimulator = AppStore|iPhoneSimulator
		AppStore|x64 = AppStore|x64
		AppStore|x86 = AppStore|x86
		Debug|Any CPU = Debug|Any CPU
		Debug|ARM = Debug|ARM
		Debug|iPhone = Debug|iPhone
		Debug|iPhoneSimulator = Debug|iPhoneSimulator
		Debug|x64 = Debug|x64
		Debug|x86 = Debug|x86
		Release|Any CPU = Release|Any CPU
		Release|ARM = Release|ARM
		Release|iPhone = Release|iPhone
		Release|iPhoneSimulator = Release|iPhoneSimulator
		Release|x64 = Release|x64
		Release|x86 = Release|x86
	EndGlobalSection
	GlobalSection(ProjectConfigurationPlatforms) = postSolution
		{ED9CA03C-FF2A-4775-9EF2-09719FAF79F2}.Ad-Hoc|Any CPU.ActiveCfg = Release|Any CPU
		{ED9CA03C-FF2A-4775-9EF2-09719FAF79F2}.Ad-Hoc|Any CPU.Build.0 = Release|Any CPU
		{ED9CA03C-FF2A-4775-9EF2-09719FAF79F2}.Ad-Hoc|Any CPU.Deploy.0 = Release|Any CPU
		{ED9CA03C-FF2A-4775-9EF2-09719FAF79F2}.Ad-Hoc|ARM.ActiveCfg = Release|Any CPU
		{ED9CA03C-FF2A-4775-9EF2-09719FAF79F2}.Ad-Hoc|ARM.Build.0 = Release|Any CPU
		{ED9CA03C-FF2A-4775-9EF2-09719FAF79F2}.Ad-Hoc|ARM.Deploy.0 = Release|Any CPU
		{ED9CA03C-FF2A-4775-9EF2-09719FAF79F2}.Ad-Hoc|iPhone.ActiveCfg = Release|Any CPU
		{ED9CA03C-FF2A-4775-9EF2-09719FAF79F2}.Ad-Hoc|iPhone.Build.0 = Release|Any CPU
		{ED9CA03C-FF2A-4775-9EF2-09719FAF79F2}.Ad-Hoc|iPhone.Deploy.0 = Release|Any CPU
		{ED9CA03C-FF2A-4775-9EF2-09719FAF79F2}.Ad-Hoc|iPhoneSimulator.ActiveCfg = Release|Any CPU
		{ED9CA03C-FF2A-4775-9EF2-09719FAF79F2}.Ad-Hoc|iPhoneSimulator.Build.0 = Release|Any CPU
		{ED9CA03C-FF2A-4775-9EF2-09719FAF79F2}.Ad-Hoc|iPhoneSimulator.Deploy.0 = Release|Any CPU
		{ED9CA03C-FF2A-4775-9EF2-09719FAF79F2}.Ad-Hoc|x64.ActiveCfg = Release|Any CPU
		{ED9CA03C-FF2A-4775-9EF2-09719FAF79F2}.Ad-Hoc|x64.Build.0 = Release|Any CPU
		{ED9CA03C-FF2A-4775-9EF2-09719FAF79F2}.Ad-Hoc|x64.Deploy.0 = Release|Any CPU
		{ED9CA03C-FF2A-4775-9EF2-09719FAF79F2}.Ad-Hoc|x86.ActiveCfg = Release|Any CPU
		{ED9CA03C-FF2A-4775-9EF2-09719FAF79F2}.Ad-Hoc|x86.Build.0 = Release|Any CPU
		{ED9CA03C-FF2A-4775-9EF2-09719FAF79F2}.Ad-Hoc|x86.Deploy.0 = Release|Any CPU
		{ED9CA03C-FF2A-4775-9EF2-09719FAF79F2}.AppStore|Any CPU.ActiveCfg = Release|Any CPU
		{ED9CA03C-FF2A-4775-9EF2-09719FAF79F2}.AppStore|Any CPU.Build.0 = Release|Any CPU
		{ED9CA03C-FF2A-4775-9EF2-09719FAF79F2}.AppStore|Any CPU.Deploy.0 = Release|Any CPU
		{ED9CA03C-FF2A-4775-9EF2-09719FAF79F2}.AppStore|ARM.ActiveCfg = Release|Any CPU
		{ED9CA03C-FF2A-4775-9EF2-09719FAF79F2}.AppStore|ARM.Build.0 = Release|Any CPU
		{ED9CA03C-FF2A-4775-9EF2-09719FAF79F2}.AppStore|ARM.Deploy.0 = Release|Any CPU
		{ED9CA03C-FF2A-4775-9EF2-09719FAF79F2}.AppStore|iPhone.ActiveCfg = Release|Any CPU
		{ED9CA03C-FF2A-4775-9EF2-09719FAF79F2}.AppStore|iPhone.Build.0 = Release|Any CPU
		{ED9CA03C-FF2A-4775-9EF2-09719FAF79F2}.AppStore|iPhone.Deploy.0 = Release|Any CPU
		{ED9CA03C-FF2A-4775-9EF2-09719FAF79F2}.AppStore|iPhoneSimulator.ActiveCfg = Release|Any CPU
		{ED9CA03C-FF2A-4775-9EF2-09719FAF79F2}.AppStore|iPhoneSimulator.Build.0 = Release|Any CPU
		{ED9CA03C-FF2A-4775-9EF2-09719FAF79F2}.AppStore|iPhoneSimulator.Deploy.0 = Release|Any CPU
		{ED9CA03C-FF2A-4775-9EF2-09719FAF79F2}.AppStore|x64.ActiveCfg = Release|Any CPU
		{ED9CA03C-FF2A-4775-9EF2-09719FAF79F2}.AppStore|x64.Build.0 = Release|Any CPU
		{ED9CA03C-FF2A-4775-9EF2-09719FAF79F2}.AppStore|x64.Deploy.0 = Release|Any CPU
		{ED9CA03C-FF2A-4775-9EF2-09719FAF79F2}.AppStore|x86.ActiveCfg = Release|Any CPU
		{ED9CA03C-FF2A-4775-9EF2-09719FAF79F2}.AppStore|x86.Build.0 = Release|Any CPU
		{ED9CA03C-FF2A-4775-9EF2-09719FAF79F2}.AppStore|x86.Deploy.0 = Release|Any CPU
		{ED9CA03C-FF2A-4775-9EF2-09719FAF79F2}.Debug|Any CPU.ActiveCfg = Debug|Any CPU
		{ED9CA03C-FF2A-4775-9EF2-09719FAF79F2}.Debug|Any CPU.Build.0 = Debug|Any CPU
		{ED9CA03C-FF2A-4775-9EF2-09719FAF79F2}.Debug|Any CPU.Deploy.0 = Debug|Any CPU
		{ED9CA03C-FF2A-4775-9EF2-09719FAF79F2}.Debug|ARM.ActiveCfg = Debug|Any CPU
		{ED9CA03C-FF2A-4775-9EF2-09719FAF79F2}.Debug|ARM.Build.0 = Debug|Any CPU
		{ED9CA03C-FF2A-4775-9EF2-09719FAF79F2}.Debug|ARM.Deploy.0 = Debug|Any CPU
		{ED9CA03C-FF2A-4775-9EF2-09719FAF79F2}.Debug|iPhone.ActiveCfg = Debug|Any CPU
		{ED9CA03C-FF2A-4775-9EF2-09719FAF79F2}.Debug|iPhone.Build.0 = Debug|Any CPU
		{ED9CA03C-FF2A-4775-9EF2-09719FAF79F2}.Debug|iPhone.Deploy.0 = Debug|Any CPU
		{ED9CA03C-FF2A-4775-9EF2-09719FAF79F2}.Debug|iPhoneSimulator.ActiveCfg = Debug|Any CPU
		{ED9CA03C-FF2A-4775-9EF2-09719FAF79F2}.Debug|iPhoneSimulator.Build.0 = Debug|Any CPU
		{ED9CA03C-FF2A-4775-9EF2-09719FAF79F2}.Debug|iPhoneSimulator.Deploy.0 = Debug|Any CPU
		{ED9CA03C-FF2A-4775-9EF2-09719FAF79F2}.Debug|x64.ActiveCfg = Debug|Any CPU
		{ED9CA03C-FF2A-4775-9EF2-09719FAF79F2}.Debug|x64.Build.0 = Debug|Any CPU
		{ED9CA03C-FF2A-4775-9EF2-09719FAF79F2}.Debug|x64.Deploy.0 = Debug|Any CPU
		{ED9CA03C-FF2A-4775-9EF2-09719FAF79F2}.Debug|x86.ActiveCfg = Debug|Any CPU
		{ED9CA03C-FF2A-4775-9EF2-09719FAF79F2}.Debug|x86.Build.0 = Debug|Any CPU
		{ED9CA03C-FF2A-4775-9EF2-09719FAF79F2}.Debug|x86.Deploy.0 = Debug|Any CPU
		{ED9CA03C-FF2A-4775-9EF2-09719FAF79F2}.Release|Any CPU.ActiveCfg = Release|Any CPU
		{ED9CA03C-FF2A-4775-9EF2-09719FAF79F2}.Release|Any CPU.Build.0 = Release|Any CPU
		{ED9CA03C-FF2A-4775-9EF2-09719FAF79F2}.Release|Any CPU.Deploy.0 = Release|Any CPU
		{ED9CA03C-FF2A-4775-9EF2-09719FAF79F2}.Release|ARM.ActiveCfg = Release|Any CPU
		{ED9CA03C-FF2A-4775-9EF2-09719FAF79F2}.Release|ARM.Build.0 = Release|Any CPU
		{ED9CA03C-FF2A-4775-9EF2-09719FAF79F2}.Release|ARM.Deploy.0 = Release|Any CPU
		{ED9CA03C-FF2A-4775-9EF2-09719FAF79F2}.Release|iPhone.ActiveCfg = Release|Any CPU
		{ED9CA03C-FF2A-4775-9EF2-09719FAF79F2}.Release|iPhone.Build.0 = Release|Any CPU
		{ED9CA03C-FF2A-4775-9EF2-09719FAF79F2}.Release|iPhone.Deploy.0 = Release|Any CPU
		{ED9CA03C-FF2A-4775-9EF2-09719FAF79F2}.Release|iPhoneSimulator.ActiveCfg = Release|Any CPU
		{ED9CA03C-FF2A-4775-9EF2-09719FAF79F2}.Release|iPhoneSimulator.Build.0 = Release|Any CPU
		{ED9CA03C-FF2A-4775-9EF2-09719FAF79F2}.Release|iPhoneSimulator.Deploy.0 = Release|Any CPU
		{ED9CA03C-FF2A-4775-9EF2-09719FAF79F2}.Release|x64.ActiveCfg = Release|Any CPU
		{ED9CA03C-FF2A-4775-9EF2-09719FAF79F2}.Release|x64.Build.0 = Release|Any CPU
		{ED9CA03C-FF2A-4775-9EF2-09719FAF79F2}.Release|x64.Deploy.0 = Release|Any CPU
		{ED9CA03C-FF2A-4775-9EF2-09719FAF79F2}.Release|x86.ActiveCfg = Release|Any CPU
		{ED9CA03C-FF2A-4775-9EF2-09719FAF79F2}.Release|x86.Build.0 = Release|Any CPU
		{ED9CA03C-FF2A-4775-9EF2-09719FAF79F2}.Release|x86.Deploy.0 = Release|Any CPU
		{6893047B-FF54-4953-A2DE-C64AC2B1D54B}.Ad-Hoc|Any CPU.ActiveCfg = Ad-Hoc|iPhone
		{6893047B-FF54-4953-A2DE-C64AC2B1D54B}.Ad-Hoc|Any CPU.Build.0 = Ad-Hoc|iPhone
		{6893047B-FF54-4953-A2DE-C64AC2B1D54B}.Ad-Hoc|Any CPU.Deploy.0 = Ad-Hoc|iPhone
		{6893047B-FF54-4953-A2DE-C64AC2B1D54B}.Ad-Hoc|ARM.ActiveCfg = Ad-Hoc|iPhone
		{6893047B-FF54-4953-A2DE-C64AC2B1D54B}.Ad-Hoc|ARM.Build.0 = Ad-Hoc|iPhone
		{6893047B-FF54-4953-A2DE-C64AC2B1D54B}.Ad-Hoc|ARM.Deploy.0 = Ad-Hoc|iPhone
		{6893047B-FF54-4953-A2DE-C64AC2B1D54B}.Ad-Hoc|iPhone.ActiveCfg = Ad-Hoc|iPhone
		{6893047B-FF54-4953-A2DE-C64AC2B1D54B}.Ad-Hoc|iPhone.Build.0 = Ad-Hoc|iPhone
		{6893047B-FF54-4953-A2DE-C64AC2B1D54B}.Ad-Hoc|iPhone.Deploy.0 = Ad-Hoc|iPhone
		{6893047B-FF54-4953-A2DE-C64AC2B1D54B}.Ad-Hoc|iPhoneSimulator.ActiveCfg = Ad-Hoc|iPhoneSimulator
		{6893047B-FF54-4953-A2DE-C64AC2B1D54B}.Ad-Hoc|iPhoneSimulator.Build.0 = Ad-Hoc|iPhoneSimulator
		{6893047B-FF54-4953-A2DE-C64AC2B1D54B}.Ad-Hoc|iPhoneSimulator.Deploy.0 = Ad-Hoc|iPhoneSimulator
		{6893047B-FF54-4953-A2DE-C64AC2B1D54B}.Ad-Hoc|x64.ActiveCfg = Ad-Hoc|iPhone
		{6893047B-FF54-4953-A2DE-C64AC2B1D54B}.Ad-Hoc|x64.Build.0 = Ad-Hoc|iPhone
		{6893047B-FF54-4953-A2DE-C64AC2B1D54B}.Ad-Hoc|x64.Deploy.0 = Ad-Hoc|iPhone
		{6893047B-FF54-4953-A2DE-C64AC2B1D54B}.Ad-Hoc|x86.ActiveCfg = Ad-Hoc|iPhone
		{6893047B-FF54-4953-A2DE-C64AC2B1D54B}.Ad-Hoc|x86.Build.0 = Ad-Hoc|iPhone
		{6893047B-FF54-4953-A2DE-C64AC2B1D54B}.Ad-Hoc|x86.Deploy.0 = Ad-Hoc|iPhone
		{6893047B-FF54-4953-A2DE-C64AC2B1D54B}.AppStore|Any CPU.ActiveCfg = AppStore|iPhone
		{6893047B-FF54-4953-A2DE-C64AC2B1D54B}.AppStore|Any CPU.Build.0 = AppStore|iPhone
		{6893047B-FF54-4953-A2DE-C64AC2B1D54B}.AppStore|Any CPU.Deploy.0 = AppStore|iPhone
		{6893047B-FF54-4953-A2DE-C64AC2B1D54B}.AppStore|ARM.ActiveCfg = AppStore|iPhone
		{6893047B-FF54-4953-A2DE-C64AC2B1D54B}.AppStore|ARM.Build.0 = AppStore|iPhone
		{6893047B-FF54-4953-A2DE-C64AC2B1D54B}.AppStore|ARM.Deploy.0 = AppStore|iPhone
		{6893047B-FF54-4953-A2DE-C64AC2B1D54B}.AppStore|iPhone.ActiveCfg = AppStore|iPhone
		{6893047B-FF54-4953-A2DE-C64AC2B1D54B}.AppStore|iPhone.Build.0 = AppStore|iPhone
		{6893047B-FF54-4953-A2DE-C64AC2B1D54B}.AppStore|iPhone.Deploy.0 = AppStore|iPhone
		{6893047B-FF54-4953-A2DE-C64AC2B1D54B}.AppStore|iPhoneSimulator.ActiveCfg = AppStore|iPhoneSimulator
		{6893047B-FF54-4953-A2DE-C64AC2B1D54B}.AppStore|iPhoneSimulator.Build.0 = AppStore|iPhoneSimulator
		{6893047B-FF54-4953-A2DE-C64AC2B1D54B}.AppStore|iPhoneSimulator.Deploy.0 = AppStore|iPhoneSimulator
		{6893047B-FF54-4953-A2DE-C64AC2B1D54B}.AppStore|x64.ActiveCfg = AppStore|iPhone
		{6893047B-FF54-4953-A2DE-C64AC2B1D54B}.AppStore|x64.Build.0 = AppStore|iPhone
		{6893047B-FF54-4953-A2DE-C64AC2B1D54B}.AppStore|x64.Deploy.0 = AppStore|iPhone
		{6893047B-FF54-4953-A2DE-C64AC2B1D54B}.AppStore|x86.ActiveCfg = AppStore|iPhone
		{6893047B-FF54-4953-A2DE-C64AC2B1D54B}.AppStore|x86.Build.0 = AppStore|iPhone
		{6893047B-FF54-4953-A2DE-C64AC2B1D54B}.AppStore|x86.Deploy.0 = AppStore|iPhone
		{6893047B-FF54-4953-A2DE-C64AC2B1D54B}.Debug|Any CPU.ActiveCfg = Debug|iPhoneSimulator
		{6893047B-FF54-4953-A2DE-C64AC2B1D54B}.Debug|Any CPU.Build.0 = Debug|iPhoneSimulator
		{6893047B-FF54-4953-A2DE-C64AC2B1D54B}.Debug|Any CPU.Deploy.0 = Debug|iPhoneSimulator
		{6893047B-FF54-4953-A2DE-C64AC2B1D54B}.Debug|ARM.ActiveCfg = Debug|iPhone
		{6893047B-FF54-4953-A2DE-C64AC2B1D54B}.Debug|ARM.Build.0 = Debug|iPhone
		{6893047B-FF54-4953-A2DE-C64AC2B1D54B}.Debug|ARM.Deploy.0 = Debug|iPhone
		{6893047B-FF54-4953-A2DE-C64AC2B1D54B}.Debug|iPhone.ActiveCfg = Debug|iPhone
		{6893047B-FF54-4953-A2DE-C64AC2B1D54B}.Debug|iPhone.Build.0 = Debug|iPhone
		{6893047B-FF54-4953-A2DE-C64AC2B1D54B}.Debug|iPhone.Deploy.0 = Debug|iPhone
		{6893047B-FF54-4953-A2DE-C64AC2B1D54B}.Debug|iPhoneSimulator.ActiveCfg = Debug|iPhoneSimulator
		{6893047B-FF54-4953-A2DE-C64AC2B1D54B}.Debug|iPhoneSimulator.Build.0 = Debug|iPhoneSimulator
		{6893047B-FF54-4953-A2DE-C64AC2B1D54B}.Debug|iPhoneSimulator.Deploy.0 = Debug|iPhoneSimulator
		{6893047B-FF54-4953-A2DE-C64AC2B1D54B}.Debug|x64.ActiveCfg = Debug|iPhone
		{6893047B-FF54-4953-A2DE-C64AC2B1D54B}.Debug|x64.Build.0 = Debug|iPhone
		{6893047B-FF54-4953-A2DE-C64AC2B1D54B}.Debug|x64.Deploy.0 = Debug|iPhone
		{6893047B-FF54-4953-A2DE-C64AC2B1D54B}.Debug|x86.ActiveCfg = Debug|iPhone
		{6893047B-FF54-4953-A2DE-C64AC2B1D54B}.Debug|x86.Build.0 = Debug|iPhone
		{6893047B-FF54-4953-A2DE-C64AC2B1D54B}.Debug|x86.Deploy.0 = Debug|iPhone
		{6893047B-FF54-4953-A2DE-C64AC2B1D54B}.Release|Any CPU.ActiveCfg = Release|iPhone
		{6893047B-FF54-4953-A2DE-C64AC2B1D54B}.Release|Any CPU.Build.0 = Release|iPhone
		{6893047B-FF54-4953-A2DE-C64AC2B1D54B}.Release|Any CPU.Deploy.0 = Release|iPhone
		{6893047B-FF54-4953-A2DE-C64AC2B1D54B}.Release|ARM.ActiveCfg = Release|iPhone
		{6893047B-FF54-4953-A2DE-C64AC2B1D54B}.Release|ARM.Build.0 = Release|iPhone
		{6893047B-FF54-4953-A2DE-C64AC2B1D54B}.Release|ARM.Deploy.0 = Release|iPhone
		{6893047B-FF54-4953-A2DE-C64AC2B1D54B}.Release|iPhone.ActiveCfg = Release|iPhone
		{6893047B-FF54-4953-A2DE-C64AC2B1D54B}.Release|iPhone.Build.0 = Release|iPhone
		{6893047B-FF54-4953-A2DE-C64AC2B1D54B}.Release|iPhone.Deploy.0 = Release|iPhone
		{6893047B-FF54-4953-A2DE-C64AC2B1D54B}.Release|iPhoneSimulator.ActiveCfg = Release|iPhoneSimulator
		{6893047B-FF54-4953-A2DE-C64AC2B1D54B}.Release|iPhoneSimulator.Build.0 = Release|iPhoneSimulator
		{6893047B-FF54-4953-A2DE-C64AC2B1D54B}.Release|iPhoneSimulator.Deploy.0 = Release|iPhoneSimulator
		{6893047B-FF54-4953-A2DE-C64AC2B1D54B}.Release|x64.ActiveCfg = Release|iPhone
		{6893047B-FF54-4953-A2DE-C64AC2B1D54B}.Release|x64.Build.0 = Release|iPhone
		{6893047B-FF54-4953-A2DE-C64AC2B1D54B}.Release|x64.Deploy.0 = Release|iPhone
		{6893047B-FF54-4953-A2DE-C64AC2B1D54B}.Release|x86.ActiveCfg = Release|iPhone
		{6893047B-FF54-4953-A2DE-C64AC2B1D54B}.Release|x86.Build.0 = Release|iPhone
		{6893047B-FF54-4953-A2DE-C64AC2B1D54B}.Release|x86.Deploy.0 = Release|iPhone
		{3EF0A078-BB00-4C54-A6C8-C0064DFB529B}.Ad-Hoc|Any CPU.ActiveCfg = Release|x86
		{3EF0A078-BB00-4C54-A6C8-C0064DFB529B}.Ad-Hoc|Any CPU.Build.0 = Release|x86
		{3EF0A078-BB00-4C54-A6C8-C0064DFB529B}.Ad-Hoc|Any CPU.Deploy.0 = Release|x86
		{3EF0A078-BB00-4C54-A6C8-C0064DFB529B}.Ad-Hoc|ARM.ActiveCfg = Release|ARM
		{3EF0A078-BB00-4C54-A6C8-C0064DFB529B}.Ad-Hoc|ARM.Build.0 = Release|ARM
		{3EF0A078-BB00-4C54-A6C8-C0064DFB529B}.Ad-Hoc|ARM.Deploy.0 = Release|ARM
		{3EF0A078-BB00-4C54-A6C8-C0064DFB529B}.Ad-Hoc|iPhone.ActiveCfg = Release|x86
		{3EF0A078-BB00-4C54-A6C8-C0064DFB529B}.Ad-Hoc|iPhone.Build.0 = Release|x86
		{3EF0A078-BB00-4C54-A6C8-C0064DFB529B}.Ad-Hoc|iPhone.Deploy.0 = Release|x86
		{3EF0A078-BB00-4C54-A6C8-C0064DFB529B}.Ad-Hoc|iPhoneSimulator.ActiveCfg = Release|x86
		{3EF0A078-BB00-4C54-A6C8-C0064DFB529B}.Ad-Hoc|iPhoneSimulator.Build.0 = Release|x86
		{3EF0A078-BB00-4C54-A6C8-C0064DFB529B}.Ad-Hoc|iPhoneSimulator.Deploy.0 = Release|x86
		{3EF0A078-BB00-4C54-A6C8-C0064DFB529B}.Ad-Hoc|x64.ActiveCfg = Release|x64
		{3EF0A078-BB00-4C54-A6C8-C0064DFB529B}.Ad-Hoc|x64.Build.0 = Release|x64
		{3EF0A078-BB00-4C54-A6C8-C0064DFB529B}.Ad-Hoc|x64.Deploy.0 = Release|x64
		{3EF0A078-BB00-4C54-A6C8-C0064DFB529B}.Ad-Hoc|x86.ActiveCfg = Release|x86
		{3EF0A078-BB00-4C54-A6C8-C0064DFB529B}.Ad-Hoc|x86.Build.0 = Release|x86
		{3EF0A078-BB00-4C54-A6C8-C0064DFB529B}.Ad-Hoc|x86.Deploy.0 = Release|x86
		{3EF0A078-BB00-4C54-A6C8-C0064DFB529B}.AppStore|Any CPU.ActiveCfg = Release|x86
		{3EF0A078-BB00-4C54-A6C8-C0064DFB529B}.AppStore|Any CPU.Build.0 = Release|x86
		{3EF0A078-BB00-4C54-A6C8-C0064DFB529B}.AppStore|Any CPU.Deploy.0 = Release|x86
		{3EF0A078-BB00-4C54-A6C8-C0064DFB529B}.AppStore|ARM.ActiveCfg = Release|ARM
		{3EF0A078-BB00-4C54-A6C8-C0064DFB529B}.AppStore|ARM.Build.0 = Release|ARM
		{3EF0A078-BB00-4C54-A6C8-C0064DFB529B}.AppStore|ARM.Deploy.0 = Release|ARM
		{3EF0A078-BB00-4C54-A6C8-C0064DFB529B}.AppStore|iPhone.ActiveCfg = Release|x86
		{3EF0A078-BB00-4C54-A6C8-C0064DFB529B}.AppStore|iPhone.Build.0 = Release|x86
		{3EF0A078-BB00-4C54-A6C8-C0064DFB529B}.AppStore|iPhone.Deploy.0 = Release|x86
		{3EF0A078-BB00-4C54-A6C8-C0064DFB529B}.AppStore|iPhoneSimulator.ActiveCfg = Release|x86
		{3EF0A078-BB00-4C54-A6C8-C0064DFB529B}.AppStore|iPhoneSimulator.Build.0 = Release|x86
		{3EF0A078-BB00-4C54-A6C8-C0064DFB529B}.AppStore|iPhoneSimulator.Deploy.0 = Release|x86
		{3EF0A078-BB00-4C54-A6C8-C0064DFB529B}.AppStore|x64.ActiveCfg = Release|x64
		{3EF0A078-BB00-4C54-A6C8-C0064DFB529B}.AppStore|x64.Build.0 = Release|x64
		{3EF0A078-BB00-4C54-A6C8-C0064DFB529B}.AppStore|x64.Deploy.0 = Release|x64
		{3EF0A078-BB00-4C54-A6C8-C0064DFB529B}.AppStore|x86.ActiveCfg = Release|x86
		{3EF0A078-BB00-4C54-A6C8-C0064DFB529B}.AppStore|x86.Build.0 = Release|x86
		{3EF0A078-BB00-4C54-A6C8-C0064DFB529B}.AppStore|x86.Deploy.0 = Release|x86
		{3EF0A078-BB00-4C54-A6C8-C0064DFB529B}.Debug|Any CPU.ActiveCfg = Debug|x86
		{3EF0A078-BB00-4C54-A6C8-C0064DFB529B}.Debug|Any CPU.Build.0 = Debug|x86
		{3EF0A078-BB00-4C54-A6C8-C0064DFB529B}.Debug|Any CPU.Deploy.0 = Debug|x86
		{3EF0A078-BB00-4C54-A6C8-C0064DFB529B}.Debug|ARM.ActiveCfg = Debug|ARM
		{3EF0A078-BB00-4C54-A6C8-C0064DFB529B}.Debug|ARM.Build.0 = Debug|ARM
		{3EF0A078-BB00-4C54-A6C8-C0064DFB529B}.Debug|ARM.Deploy.0 = Debug|ARM
		{3EF0A078-BB00-4C54-A6C8-C0064DFB529B}.Debug|iPhone.ActiveCfg = Debug|x86
		{3EF0A078-BB00-4C54-A6C8-C0064DFB529B}.Debug|iPhone.Build.0 = Debug|x86
		{3EF0A078-BB00-4C54-A6C8-C0064DFB529B}.Debug|iPhone.Deploy.0 = Debug|x86
		{3EF0A078-BB00-4C54-A6C8-C0064DFB529B}.Debug|iPhoneSimulator.ActiveCfg = Debug|x86
		{3EF0A078-BB00-4C54-A6C8-C0064DFB529B}.Debug|iPhoneSimulator.Build.0 = Debug|x86
		{3EF0A078-BB00-4C54-A6C8-C0064DFB529B}.Debug|iPhoneSimulator.Deploy.0 = Debug|x86
		{3EF0A078-BB00-4C54-A6C8-C0064DFB529B}.Debug|x64.ActiveCfg = Debug|x64
		{3EF0A078-BB00-4C54-A6C8-C0064DFB529B}.Debug|x64.Build.0 = Debug|x64
		{3EF0A078-BB00-4C54-A6C8-C0064DFB529B}.Debug|x64.Deploy.0 = Debug|x64
		{3EF0A078-BB00-4C54-A6C8-C0064DFB529B}.Debug|x86.ActiveCfg = Debug|x86
		{3EF0A078-BB00-4C54-A6C8-C0064DFB529B}.Debug|x86.Build.0 = Debug|x86
		{3EF0A078-BB00-4C54-A6C8-C0064DFB529B}.Debug|x86.Deploy.0 = Debug|x86
		{3EF0A078-BB00-4C54-A6C8-C0064DFB529B}.Release|Any CPU.ActiveCfg = Release|x86
		{3EF0A078-BB00-4C54-A6C8-C0064DFB529B}.Release|Any CPU.Build.0 = Release|x86
		{3EF0A078-BB00-4C54-A6C8-C0064DFB529B}.Release|Any CPU.Deploy.0 = Release|x86
		{3EF0A078-BB00-4C54-A6C8-C0064DFB529B}.Release|ARM.ActiveCfg = Release|ARM
		{3EF0A078-BB00-4C54-A6C8-C0064DFB529B}.Release|ARM.Build.0 = Release|ARM
		{3EF0A078-BB00-4C54-A6C8-C0064DFB529B}.Release|ARM.Deploy.0 = Release|ARM
		{3EF0A078-BB00-4C54-A6C8-C0064DFB529B}.Release|iPhone.ActiveCfg = Release|x86
		{3EF0A078-BB00-4C54-A6C8-C0064DFB529B}.Release|iPhone.Build.0 = Release|x86
		{3EF0A078-BB00-4C54-A6C8-C0064DFB529B}.Release|iPhone.Deploy.0 = Release|x86
		{3EF0A078-BB00-4C54-A6C8-C0064DFB529B}.Release|iPhoneSimulator.ActiveCfg = Release|x86
		{3EF0A078-BB00-4C54-A6C8-C0064DFB529B}.Release|iPhoneSimulator.Build.0 = Release|x86
		{3EF0A078-BB00-4C54-A6C8-C0064DFB529B}.Release|iPhoneSimulator.Deploy.0 = Release|x86
		{3EF0A078-BB00-4C54-A6C8-C0064DFB529B}.Release|x64.ActiveCfg = Release|x64
		{3EF0A078-BB00-4C54-A6C8-C0064DFB529B}.Release|x64.Build.0 = Release|x64
		{3EF0A078-BB00-4C54-A6C8-C0064DFB529B}.Release|x64.Deploy.0 = Release|x64
		{3EF0A078-BB00-4C54-A6C8-C0064DFB529B}.Release|x86.ActiveCfg = Release|x86
		{3EF0A078-BB00-4C54-A6C8-C0064DFB529B}.Release|x86.Build.0 = Release|x86
		{3EF0A078-BB00-4C54-A6C8-C0064DFB529B}.Release|x86.Deploy.0 = Release|x86
		{F31F4939-9F68-4C6B-B361-475A2E0356F7}.Ad-Hoc|Any CPU.ActiveCfg = Debug|Any CPU
		{F31F4939-9F68-4C6B-B361-475A2E0356F7}.Ad-Hoc|Any CPU.Build.0 = Debug|Any CPU
		{F31F4939-9F68-4C6B-B361-475A2E0356F7}.Ad-Hoc|Any CPU.Deploy.0 = Debug|Any CPU
		{F31F4939-9F68-4C6B-B361-475A2E0356F7}.Ad-Hoc|ARM.ActiveCfg = Debug|Any CPU
		{F31F4939-9F68-4C6B-B361-475A2E0356F7}.Ad-Hoc|ARM.Build.0 = Debug|Any CPU
		{F31F4939-9F68-4C6B-B361-475A2E0356F7}.Ad-Hoc|ARM.Deploy.0 = Debug|Any CPU
		{F31F4939-9F68-4C6B-B361-475A2E0356F7}.Ad-Hoc|iPhone.ActiveCfg = Debug|Any CPU
		{F31F4939-9F68-4C6B-B361-475A2E0356F7}.Ad-Hoc|iPhone.Build.0 = Debug|Any CPU
		{F31F4939-9F68-4C6B-B361-475A2E0356F7}.Ad-Hoc|iPhone.Deploy.0 = Debug|Any CPU
		{F31F4939-9F68-4C6B-B361-475A2E0356F7}.Ad-Hoc|iPhoneSimulator.ActiveCfg = Debug|Any CPU
		{F31F4939-9F68-4C6B-B361-475A2E0356F7}.Ad-Hoc|iPhoneSimulator.Build.0 = Debug|Any CPU
		{F31F4939-9F68-4C6B-B361-475A2E0356F7}.Ad-Hoc|iPhoneSimulator.Deploy.0 = Debug|Any CPU
		{F31F4939-9F68-4C6B-B361-475A2E0356F7}.Ad-Hoc|x64.ActiveCfg = Debug|Any CPU
		{F31F4939-9F68-4C6B-B361-475A2E0356F7}.Ad-Hoc|x64.Build.0 = Debug|Any CPU
		{F31F4939-9F68-4C6B-B361-475A2E0356F7}.Ad-Hoc|x64.Deploy.0 = Debug|Any CPU
		{F31F4939-9F68-4C6B-B361-475A2E0356F7}.Ad-Hoc|x86.ActiveCfg = Debug|Any CPU
		{F31F4939-9F68-4C6B-B361-475A2E0356F7}.Ad-Hoc|x86.Build.0 = Debug|Any CPU
		{F31F4939-9F68-4C6B-B361-475A2E0356F7}.Ad-Hoc|x86.Deploy.0 = Debug|Any CPU
		{F31F4939-9F68-4C6B-B361-475A2E0356F7}.AppStore|Any CPU.ActiveCfg = Debug|Any CPU
		{F31F4939-9F68-4C6B-B361-475A2E0356F7}.AppStore|Any CPU.Build.0 = Debug|Any CPU
		{F31F4939-9F68-4C6B-B361-475A2E0356F7}.AppStore|Any CPU.Deploy.0 = Debug|Any CPU
		{F31F4939-9F68-4C6B-B361-475A2E0356F7}.AppStore|ARM.ActiveCfg = Debug|Any CPU
		{F31F4939-9F68-4C6B-B361-475A2E0356F7}.AppStore|ARM.Build.0 = Debug|Any CPU
		{F31F4939-9F68-4C6B-B361-475A2E0356F7}.AppStore|ARM.Deploy.0 = Debug|Any CPU
		{F31F4939-9F68-4C6B-B361-475A2E0356F7}.AppStore|iPhone.ActiveCfg = Debug|Any CPU
		{F31F4939-9F68-4C6B-B361-475A2E0356F7}.AppStore|iPhone.Build.0 = Debug|Any CPU
		{F31F4939-9F68-4C6B-B361-475A2E0356F7}.AppStore|iPhone.Deploy.0 = Debug|Any CPU
		{F31F4939-9F68-4C6B-B361-475A2E0356F7}.AppStore|iPhoneSimulator.ActiveCfg = Debug|Any CPU
		{F31F4939-9F68-4C6B-B361-475A2E0356F7}.AppStore|iPhoneSimulator.Build.0 = Debug|Any CPU
		{F31F4939-9F68-4C6B-B361-475A2E0356F7}.AppStore|iPhoneSimulator.Deploy.0 = Debug|Any CPU
		{F31F4939-9F68-4C6B-B361-475A2E0356F7}.AppStore|x64.ActiveCfg = Debug|Any CPU
		{F31F4939-9F68-4C6B-B361-475A2E0356F7}.AppStore|x64.Build.0 = Debug|Any CPU
		{F31F4939-9F68-4C6B-B361-475A2E0356F7}.AppStore|x64.Deploy.0 = Debug|Any CPU
		{F31F4939-9F68-4C6B-B361-475A2E0356F7}.AppStore|x86.ActiveCfg = Debug|Any CPU
		{F31F4939-9F68-4C6B-B361-475A2E0356F7}.AppStore|x86.Build.0 = Debug|Any CPU
		{F31F4939-9F68-4C6B-B361-475A2E0356F7}.AppStore|x86.Deploy.0 = Debug|Any CPU
		{F31F4939-9F68-4C6B-B361-475A2E0356F7}.Debug|Any CPU.ActiveCfg = Debug|Any CPU
		{F31F4939-9F68-4C6B-B361-475A2E0356F7}.Debug|Any CPU.Build.0 = Debug|Any CPU
		{F31F4939-9F68-4C6B-B361-475A2E0356F7}.Debug|Any CPU.Deploy.0 = Debug|Any CPU
		{F31F4939-9F68-4C6B-B361-475A2E0356F7}.Debug|ARM.ActiveCfg = Debug|Any CPU
		{F31F4939-9F68-4C6B-B361-475A2E0356F7}.Debug|ARM.Build.0 = Debug|Any CPU
		{F31F4939-9F68-4C6B-B361-475A2E0356F7}.Debug|ARM.Deploy.0 = Debug|Any CPU
		{F31F4939-9F68-4C6B-B361-475A2E0356F7}.Debug|iPhone.ActiveCfg = Debug|Any CPU
		{F31F4939-9F68-4C6B-B361-475A2E0356F7}.Debug|iPhone.Build.0 = Debug|Any CPU
		{F31F4939-9F68-4C6B-B361-475A2E0356F7}.Debug|iPhone.Deploy.0 = Debug|Any CPU
		{F31F4939-9F68-4C6B-B361-475A2E0356F7}.Debug|iPhoneSimulator.ActiveCfg = Debug|Any CPU
		{F31F4939-9F68-4C6B-B361-475A2E0356F7}.Debug|iPhoneSimulator.Build.0 = Debug|Any CPU
		{F31F4939-9F68-4C6B-B361-475A2E0356F7}.Debug|iPhoneSimulator.Deploy.0 = Debug|Any CPU
		{F31F4939-9F68-4C6B-B361-475A2E0356F7}.Debug|x64.ActiveCfg = Debug|Any CPU
		{F31F4939-9F68-4C6B-B361-475A2E0356F7}.Debug|x64.Build.0 = Debug|Any CPU
		{F31F4939-9F68-4C6B-B361-475A2E0356F7}.Debug|x64.Deploy.0 = Debug|Any CPU
		{F31F4939-9F68-4C6B-B361-475A2E0356F7}.Debug|x86.ActiveCfg = Debug|Any CPU
		{F31F4939-9F68-4C6B-B361-475A2E0356F7}.Debug|x86.Build.0 = Debug|Any CPU
		{F31F4939-9F68-4C6B-B361-475A2E0356F7}.Debug|x86.Deploy.0 = Debug|Any CPU
		{F31F4939-9F68-4C6B-B361-475A2E0356F7}.Release|Any CPU.ActiveCfg = Release|Any CPU
		{F31F4939-9F68-4C6B-B361-475A2E0356F7}.Release|Any CPU.Build.0 = Release|Any CPU
		{F31F4939-9F68-4C6B-B361-475A2E0356F7}.Release|Any CPU.Deploy.0 = Release|Any CPU
		{F31F4939-9F68-4C6B-B361-475A2E0356F7}.Release|ARM.ActiveCfg = Release|Any CPU
		{F31F4939-9F68-4C6B-B361-475A2E0356F7}.Release|ARM.Build.0 = Release|Any CPU
		{F31F4939-9F68-4C6B-B361-475A2E0356F7}.Release|ARM.Deploy.0 = Release|Any CPU
		{F31F4939-9F68-4C6B-B361-475A2E0356F7}.Release|iPhone.ActiveCfg = Release|Any CPU
		{F31F4939-9F68-4C6B-B361-475A2E0356F7}.Release|iPhone.Build.0 = Release|Any CPU
		{F31F4939-9F68-4C6B-B361-475A2E0356F7}.Release|iPhone.Deploy.0 = Release|Any CPU
		{F31F4939-9F68-4C6B-B361-475A2E0356F7}.Release|iPhoneSimulator.ActiveCfg = Release|Any CPU
		{F31F4939-9F68-4C6B-B361-475A2E0356F7}.Release|iPhoneSimulator.Build.0 = Release|Any CPU
		{F31F4939-9F68-4C6B-B361-475A2E0356F7}.Release|iPhoneSimulator.Deploy.0 = Release|Any CPU
		{F31F4939-9F68-4C6B-B361-475A2E0356F7}.Release|x64.ActiveCfg = Release|Any CPU
		{F31F4939-9F68-4C6B-B361-475A2E0356F7}.Release|x64.Build.0 = Release|Any CPU
		{F31F4939-9F68-4C6B-B361-475A2E0356F7}.Release|x64.Deploy.0 = Release|Any CPU
		{F31F4939-9F68-4C6B-B361-475A2E0356F7}.Release|x86.ActiveCfg = Release|Any CPU
		{F31F4939-9F68-4C6B-B361-475A2E0356F7}.Release|x86.Build.0 = Release|Any CPU
		{F31F4939-9F68-4C6B-B361-475A2E0356F7}.Release|x86.Deploy.0 = Release|Any CPU
		{F87BAC0D-61C4-447C-A5EA-639833566DB4}.Ad-Hoc|Any CPU.ActiveCfg = Debug|Any CPU
		{F87BAC0D-61C4-447C-A5EA-639833566DB4}.Ad-Hoc|Any CPU.Build.0 = Debug|Any CPU
		{F87BAC0D-61C4-447C-A5EA-639833566DB4}.Ad-Hoc|ARM.ActiveCfg = Debug|Any CPU
		{F87BAC0D-61C4-447C-A5EA-639833566DB4}.Ad-Hoc|ARM.Build.0 = Debug|Any CPU
		{F87BAC0D-61C4-447C-A5EA-639833566DB4}.Ad-Hoc|iPhone.ActiveCfg = Debug|Any CPU
		{F87BAC0D-61C4-447C-A5EA-639833566DB4}.Ad-Hoc|iPhone.Build.0 = Debug|Any CPU
		{F87BAC0D-61C4-447C-A5EA-639833566DB4}.Ad-Hoc|iPhoneSimulator.ActiveCfg = Debug|Any CPU
		{F87BAC0D-61C4-447C-A5EA-639833566DB4}.Ad-Hoc|iPhoneSimulator.Build.0 = Debug|Any CPU
		{F87BAC0D-61C4-447C-A5EA-639833566DB4}.Ad-Hoc|x64.ActiveCfg = Debug|Any CPU
		{F87BAC0D-61C4-447C-A5EA-639833566DB4}.Ad-Hoc|x64.Build.0 = Debug|Any CPU
		{F87BAC0D-61C4-447C-A5EA-639833566DB4}.Ad-Hoc|x86.ActiveCfg = Debug|Any CPU
		{F87BAC0D-61C4-447C-A5EA-639833566DB4}.Ad-Hoc|x86.Build.0 = Debug|Any CPU
		{F87BAC0D-61C4-447C-A5EA-639833566DB4}.AppStore|Any CPU.ActiveCfg = Debug|Any CPU
		{F87BAC0D-61C4-447C-A5EA-639833566DB4}.AppStore|Any CPU.Build.0 = Debug|Any CPU
		{F87BAC0D-61C4-447C-A5EA-639833566DB4}.AppStore|ARM.ActiveCfg = Debug|Any CPU
		{F87BAC0D-61C4-447C-A5EA-639833566DB4}.AppStore|ARM.Build.0 = Debug|Any CPU
		{F87BAC0D-61C4-447C-A5EA-639833566DB4}.AppStore|iPhone.ActiveCfg = Debug|Any CPU
		{F87BAC0D-61C4-447C-A5EA-639833566DB4}.AppStore|iPhone.Build.0 = Debug|Any CPU
		{F87BAC0D-61C4-447C-A5EA-639833566DB4}.AppStore|iPhoneSimulator.ActiveCfg = Debug|Any CPU
		{F87BAC0D-61C4-447C-A5EA-639833566DB4}.AppStore|iPhoneSimulator.Build.0 = Debug|Any CPU
		{F87BAC0D-61C4-447C-A5EA-639833566DB4}.AppStore|x64.ActiveCfg = Debug|Any CPU
		{F87BAC0D-61C4-447C-A5EA-639833566DB4}.AppStore|x64.Build.0 = Debug|Any CPU
		{F87BAC0D-61C4-447C-A5EA-639833566DB4}.AppStore|x86.ActiveCfg = Debug|Any CPU
		{F87BAC0D-61C4-447C-A5EA-639833566DB4}.AppStore|x86.Build.0 = Debug|Any CPU
		{F87BAC0D-61C4-447C-A5EA-639833566DB4}.Debug|Any CPU.ActiveCfg = Debug|Any CPU
		{F87BAC0D-61C4-447C-A5EA-639833566DB4}.Debug|Any CPU.Build.0 = Debug|Any CPU
		{F87BAC0D-61C4-447C-A5EA-639833566DB4}.Debug|ARM.ActiveCfg = Debug|Any CPU
		{F87BAC0D-61C4-447C-A5EA-639833566DB4}.Debug|ARM.Build.0 = Debug|Any CPU
		{F87BAC0D-61C4-447C-A5EA-639833566DB4}.Debug|iPhone.ActiveCfg = Debug|Any CPU
		{F87BAC0D-61C4-447C-A5EA-639833566DB4}.Debug|iPhone.Build.0 = Debug|Any CPU
		{F87BAC0D-61C4-447C-A5EA-639833566DB4}.Debug|iPhoneSimulator.ActiveCfg = Debug|Any CPU
		{F87BAC0D-61C4-447C-A5EA-639833566DB4}.Debug|iPhoneSimulator.Build.0 = Debug|Any CPU
		{F87BAC0D-61C4-447C-A5EA-639833566DB4}.Debug|x64.ActiveCfg = Debug|Any CPU
		{F87BAC0D-61C4-447C-A5EA-639833566DB4}.Debug|x64.Build.0 = Debug|Any CPU
		{F87BAC0D-61C4-447C-A5EA-639833566DB4}.Debug|x86.ActiveCfg = Debug|Any CPU
		{F87BAC0D-61C4-447C-A5EA-639833566DB4}.Debug|x86.Build.0 = Debug|Any CPU
		{F87BAC0D-61C4-447C-A5EA-639833566DB4}.Release|Any CPU.ActiveCfg = Release|Any CPU
		{F87BAC0D-61C4-447C-A5EA-639833566DB4}.Release|Any CPU.Build.0 = Release|Any CPU
		{F87BAC0D-61C4-447C-A5EA-639833566DB4}.Release|ARM.ActiveCfg = Release|Any CPU
		{F87BAC0D-61C4-447C-A5EA-639833566DB4}.Release|ARM.Build.0 = Release|Any CPU
		{F87BAC0D-61C4-447C-A5EA-639833566DB4}.Release|iPhone.ActiveCfg = Release|Any CPU
		{F87BAC0D-61C4-447C-A5EA-639833566DB4}.Release|iPhone.Build.0 = Release|Any CPU
		{F87BAC0D-61C4-447C-A5EA-639833566DB4}.Release|iPhoneSimulator.ActiveCfg = Release|Any CPU
		{F87BAC0D-61C4-447C-A5EA-639833566DB4}.Release|iPhoneSimulator.Build.0 = Release|Any CPU
		{F87BAC0D-61C4-447C-A5EA-639833566DB4}.Release|x64.ActiveCfg = Release|Any CPU
		{F87BAC0D-61C4-447C-A5EA-639833566DB4}.Release|x64.Build.0 = Release|Any CPU
		{F87BAC0D-61C4-447C-A5EA-639833566DB4}.Release|x86.ActiveCfg = Release|Any CPU
		{F87BAC0D-61C4-447C-A5EA-639833566DB4}.Release|x86.Build.0 = Release|Any CPU
	EndGlobalSection
	GlobalSection(SolutionProperties) = preSolution
		HideSolutionNode = FALSE
	EndGlobalSection
	GlobalSection(ExtensibilityGlobals) = postSolution
		SolutionGuid = {DEF22D6D-A3DA-40E8-A766-4A2B2389C755}
	EndGlobalSection
EndGlobal
